
Microsoft Visual Studio Solution File, Format Version 12.00
# Visual Studio Version 16
VisualStudioVersion = 16.0.29306.81
MinimumVisualStudioVersion = 10.0.40219.1
Project("{FAE04EC0-301F-11D3-BF4B-00C04F79EFBC}") = "MyLoginsystem", "MyLoginsystem\MyLoginsystem.csproj", "{238DB589-0FA9-421C-98F9-986A50ECC5DB}"
EndProject
Global
	GlobalSection(SolutionConfigurationPlatforms) = preSolution
		Debug|Any CPU = Debug|Any CPU
		Release|Any CPU = Release|Any CPU
	EndGlobalSection
	GlobalSection(ProjectConfigurationPlatforms) = postSolution
		{238DB589-0FA9-421C-98F9-986A50ECC5DB}.Debug|Any CPU.ActiveCfg = Debug|Any CPU
		{238DB589-0FA9-421C-98F9-986A50ECC5DB}.Debug|Any CPU.Build.0 = Debug|Any CPU
		{238DB589-0FA9-421C-98F9-986A50ECC5DB}.Release|Any CPU.ActiveCfg = Release|Any CPU
		{238DB589-0FA9-421C-98F9-986A50ECC5DB}.Release|Any CPU.Build.0 = Release|Any CPU
	EndGlobalSection
	GlobalSection(SolutionProperties) = preSolution
		HideSolutionNode = FALSE
	EndGlobalSection
	GlobalSection(ExtensibilityGlobals) = postSolution
		SolutionGuid = {D69C43C9-3325-4868-81D1-215B84260F07}
	EndGlobalSection
EndGlobal
